
Microsoft Visual Studio Solution File, Format Version 12.00
# Visual Studio 15
VisualStudioVersion = 15.0.27703.2000
MinimumVisualStudioVersion = 10.0.40219.1
Project("{9A19103F-16F7-4668-BE54-9A1E7A4F7556}") = "Cynosura.Studio.Web", "Cynosura.Studio.Web\Cynosura.Studio.Web.csproj", "{6B39A0B6-C341-4F16-BA87-EB8612B29AD0}"
EndProject
Project("{FAE04EC0-301F-11D3-BF4B-00C04F79EFBC}") = "Cynosura.Studio.Core", "Cynosura.Studio.Core\Cynosura.Studio.Core.csproj", "{66DE68DA-1FB5-4450-B17F-3E23CFDA4525}"
EndProject
Project("{FAE04EC0-301F-11D3-BF4B-00C04F79EFBC}") = "Cynosura.Studio.Data", "Cynosura.Studio.Data\Cynosura.Studio.Data.csproj", "{C972B1DA-CBA4-42B1-A58F-AF7DC08020BA}"
EndProject
Global
	GlobalSection(SolutionConfigurationPlatforms) = preSolution
		Debug|Any CPU = Debug|Any CPU
		Release|Any CPU = Release|Any CPU
	EndGlobalSection
	GlobalSection(ProjectConfigurationPlatforms) = postSolution
		{6B39A0B6-C341-4F16-BA87-EB8612B29AD0}.Debug|Any CPU.ActiveCfg = Debug|Any CPU
		{6B39A0B6-C341-4F16-BA87-EB8612B29AD0}.Debug|Any CPU.Build.0 = Debug|Any CPU
		{6B39A0B6-C341-4F16-BA87-EB8612B29AD0}.Release|Any CPU.ActiveCfg = Release|Any CPU
		{6B39A0B6-C341-4F16-BA87-EB8612B29AD0}.Release|Any CPU.Build.0 = Release|Any CPU
		{66DE68DA-1FB5-4450-B17F-3E23CFDA4525}.Debug|Any CPU.ActiveCfg = Debug|Any CPU
		{66DE68DA-1FB5-4450-B17F-3E23CFDA4525}.Debug|Any CPU.Build.0 = Debug|Any CPU
		{66DE68DA-1FB5-4450-B17F-3E23CFDA4525}.Release|Any CPU.ActiveCfg = Release|Any CPU
		{66DE68DA-1FB5-4450-B17F-3E23CFDA4525}.Release|Any CPU.Build.0 = Release|Any CPU
		{C972B1DA-CBA4-42B1-A58F-AF7DC08020BA}.Debug|Any CPU.ActiveCfg = Debug|Any CPU
		{C972B1DA-CBA4-42B1-A58F-AF7DC08020BA}.Debug|Any CPU.Build.0 = Debug|Any CPU
		{C972B1DA-CBA4-42B1-A58F-AF7DC08020BA}.Release|Any CPU.ActiveCfg = Release|Any CPU
		{C972B1DA-CBA4-42B1-A58F-AF7DC08020BA}.Release|Any CPU.Build.0 = Release|Any CPU
	EndGlobalSection
	GlobalSection(SolutionProperties) = preSolution
		HideSolutionNode = FALSE
	EndGlobalSection
	GlobalSection(ExtensibilityGlobals) = postSolution
		SolutionGuid = {3B67DE6B-2794-4D74-8B11-B9B93DA5E671}
	EndGlobalSection
EndGlobal
